
Microsoft Visual Studio Solution File, Format Version 12.00
# Visual Studio Version 17
VisualStudioVersion = 17.1.32210.238
MinimumVisualStudioVersion = 10.0.40219.1
Project("{FAE04EC0-301F-11D3-BF4B-00C04F79EFBC}") = "MP3Dowanloader", "MP3Dowanloader\MP3Dowanloader.csproj", "{AF848D7E-C08C-4815-A67A-B63DE6CAF96D}"
EndProject
Global
	GlobalSection(SolutionConfigurationPlatforms) = preSolution
		Debug|Any CPU = Debug|Any CPU
		Release|Any CPU = Release|Any CPU
	EndGlobalSection
	GlobalSection(ProjectConfigurationPlatforms) = postSolution
		{AF848D7E-C08C-4815-A67A-B63DE6CAF96D}.Debug|Any CPU.ActiveCfg = Debug|Any CPU
		{AF848D7E-C08C-4815-A67A-B63DE6CAF96D}.Debug|Any CPU.Build.0 = Debug|Any CPU
		{AF848D7E-C08C-4815-A67A-B63DE6CAF96D}.Release|Any CPU.ActiveCfg = Release|Any CPU
		{AF848D7E-C08C-4815-A67A-B63DE6CAF96D}.Release|Any CPU.Build.0 = Release|Any CPU
	EndGlobalSection
	GlobalSection(SolutionProperties) = preSolution
		HideSolutionNode = FALSE
	EndGlobalSection
	GlobalSection(ExtensibilityGlobals) = postSolution
		SolutionGuid = {38C4AEC5-1891-45EE-9CF4-20695A9CFA2B}
	EndGlobalSection
EndGlobal
